
Microsoft Visual Studio Solution File, Format Version 12.00
# Visual Studio Version 17
VisualStudioVersion = 17.4.33213.308
MinimumVisualStudioVersion = 10.0.40219.1
Project("{FAE04EC0-301F-11D3-BF4B-00C04F79EFBC}") = "LianHomePage", "LianHomePage.csproj", "{0F481F5D-C50B-4743-A673-7F0203BA6F00}"
EndProject
Global
	GlobalSection(SolutionConfigurationPlatforms) = preSolution
		Debug|Any CPU = Debug|Any CPU
		Release|Any CPU = Release|Any CPU
	EndGlobalSection
	GlobalSection(ProjectConfigurationPlatforms) = postSolution
		{0F481F5D-C50B-4743-A673-7F0203BA6F00}.Debug|Any CPU.ActiveCfg = Debug|Any CPU
		{0F481F5D-C50B-4743-A673-7F0203BA6F00}.Debug|Any CPU.Build.0 = Debug|Any CPU
		{0F481F5D-C50B-4743-A673-7F0203BA6F00}.Release|Any CPU.ActiveCfg = Release|Any CPU
		{0F481F5D-C50B-4743-A673-7F0203BA6F00}.Release|Any CPU.Build.0 = Release|Any CPU
	EndGlobalSection
	GlobalSection(SolutionProperties) = preSolution
		HideSolutionNode = FALSE
	EndGlobalSection
	GlobalSection(ExtensibilityGlobals) = postSolution
		SolutionGuid = {D94F3684-AE04-415D-BF79-A4ACAC33879D}
	EndGlobalSection
EndGlobal
